
Microsoft Visual Studio Solution File, Format Version 12.00
# Visual Studio 15
VisualStudioVersion = 15.0.28010.2016
MinimumVisualStudioVersion = 10.0.40219.1
Project("{FAE04EC0-301F-11D3-BF4B-00C04F79EFBC}") = "NotepadApp Homework", "NotepadApp Homework\NotepadApp Homework.csproj", "{1E4F3E79-8373-40ED-8084-B9B99363E13F}"
EndProject
Global
	GlobalSection(SolutionConfigurationPlatforms) = preSolution
		Debug|Any CPU = Debug|Any CPU
		Release|Any CPU = Release|Any CPU
	EndGlobalSection
	GlobalSection(ProjectConfigurationPlatforms) = postSolution
		{1E4F3E79-8373-40ED-8084-B9B99363E13F}.Debug|Any CPU.ActiveCfg = Debug|Any CPU
		{1E4F3E79-8373-40ED-8084-B9B99363E13F}.Debug|Any CPU.Build.0 = Debug|Any CPU
		{1E4F3E79-8373-40ED-8084-B9B99363E13F}.Release|Any CPU.ActiveCfg = Release|Any CPU
		{1E4F3E79-8373-40ED-8084-B9B99363E13F}.Release|Any CPU.Build.0 = Release|Any CPU
	EndGlobalSection
	GlobalSection(SolutionProperties) = preSolution
		HideSolutionNode = FALSE
	EndGlobalSection
	GlobalSection(ExtensibilityGlobals) = postSolution
		SolutionGuid = {D9772508-A936-43D9-A2A7-2ED87AD0B49D}
	EndGlobalSection
EndGlobal
