
Microsoft Visual Studio Solution File, Format Version 12.00
# Visual Studio 15
VisualStudioVersion = 15.0.28010.2016
MinimumVisualStudioVersion = 10.0.40219.1
Project("{FAE04EC0-301F-11D3-BF4B-00C04F79EFBC}") = "Spreadsheet Homework", "Spreadsheet Homework\Spreadsheet Homework.csproj", "{56F16FAF-816A-4841-911E-5A00B4449CAF}"
EndProject
Project("{9A19103F-16F7-4668-BE54-9A1E7A4F7556}") = "SpreadsheetEngine", "SpreadsheetEngine\SpreadsheetEngine.csproj", "{EE22C86A-4C8B-4117-B91C-F063E993AD8C}"
EndProject
Project("{FAE04EC0-301F-11D3-BF4B-00C04F79EFBC}") = "ExpTreeConsole", "ExpTreeMenuRun\ExpTreeConsole.csproj", "{7B73E8BE-E876-4DF8-85DB-74FB7C1648EA}"
EndProject
Global
	GlobalSection(SolutionConfigurationPlatforms) = preSolution
		Debug|Any CPU = Debug|Any CPU
		Release|Any CPU = Release|Any CPU
	EndGlobalSection
	GlobalSection(ProjectConfigurationPlatforms) = postSolution
		{56F16FAF-816A-4841-911E-5A00B4449CAF}.Debug|Any CPU.ActiveCfg = Debug|Any CPU
		{56F16FAF-816A-4841-911E-5A00B4449CAF}.Debug|Any CPU.Build.0 = Debug|Any CPU
		{56F16FAF-816A-4841-911E-5A00B4449CAF}.Release|Any CPU.ActiveCfg = Release|Any CPU
		{56F16FAF-816A-4841-911E-5A00B4449CAF}.Release|Any CPU.Build.0 = Release|Any CPU
		{EE22C86A-4C8B-4117-B91C-F063E993AD8C}.Debug|Any CPU.ActiveCfg = Debug|Any CPU
		{EE22C86A-4C8B-4117-B91C-F063E993AD8C}.Debug|Any CPU.Build.0 = Debug|Any CPU
		{EE22C86A-4C8B-4117-B91C-F063E993AD8C}.Release|Any CPU.ActiveCfg = Release|Any CPU
		{EE22C86A-4C8B-4117-B91C-F063E993AD8C}.Release|Any CPU.Build.0 = Release|Any CPU
		{7B73E8BE-E876-4DF8-85DB-74FB7C1648EA}.Debug|Any CPU.ActiveCfg = Debug|Any CPU
		{7B73E8BE-E876-4DF8-85DB-74FB7C1648EA}.Debug|Any CPU.Build.0 = Debug|Any CPU
		{7B73E8BE-E876-4DF8-85DB-74FB7C1648EA}.Release|Any CPU.ActiveCfg = Release|Any CPU
		{7B73E8BE-E876-4DF8-85DB-74FB7C1648EA}.Release|Any CPU.Build.0 = Release|Any CPU
	EndGlobalSection
	GlobalSection(SolutionProperties) = preSolution
		HideSolutionNode = FALSE
	EndGlobalSection
	GlobalSection(ExtensibilityGlobals) = postSolution
		SolutionGuid = {98F67F08-2AF5-4036-BDC7-DA2CF148D322}
	EndGlobalSection
EndGlobal
